
Microsoft Visual Studio Solution File, Format Version 12.00
# Visual Studio 2012
Project("{FAE04EC0-301F-11D3-BF4B-00C04F79EFBC}") = "Hw3", "Hw3.csproj", "{CA927222-404A-4CF4-B124-FB62BDF50504}"
EndProject
Global
	GlobalSection(SolutionConfigurationPlatforms) = preSolution
		Debug|x86 = Debug|x86
		Release|x86 = Release|x86
	EndGlobalSection
	GlobalSection(ProjectConfigurationPlatforms) = postSolution
		{CA927222-404A-4CF4-B124-FB62BDF50504}.Debug|x86.ActiveCfg = Debug|x86
		{CA927222-404A-4CF4-B124-FB62BDF50504}.Debug|x86.Build.0 = Debug|x86
		{CA927222-404A-4CF4-B124-FB62BDF50504}.Release|x86.ActiveCfg = Release|x86
		{CA927222-404A-4CF4-B124-FB62BDF50504}.Release|x86.Build.0 = Release|x86
	EndGlobalSection
EndGlobal
